
Microsoft Visual Studio Solution File, Format Version 12.00
Project("{FAE04EC0-301F-11D3-BF4B-00C04F79EFBC}") = "devRank.Presentation", "src\devRank.Presentation\devRank.Presentation.csproj", "{F86B6F15-A83C-41CB-AFF4-445978FB026D}"
EndProject
Project("{FAE04EC0-301F-11D3-BF4B-00C04F79EFBC}") = "devRank.Domain", "src\devRank.Domain\devRank.Domain.csproj", "{F091B100-C368-4786-877E-4AD4881B2BF1}"
EndProject
Project("{FAE04EC0-301F-11D3-BF4B-00C04F79EFBC}") = "devRank.Application", "src\devRank.Application\devRank.Application.csproj", "{E36E72C7-AE90-4FC2-8D57-BCFD6CDC1145}"
EndProject
Project("{FAE04EC0-301F-11D3-BF4B-00C04F79EFBC}") = "devRank.Shared", "src\devRank.Shared\devRank.Shared.csproj", "{B57C4F34-09EE-4DBA-95C4-E3F4FBE26595}"
EndProject
Project("{FAE04EC0-301F-11D3-BF4B-00C04F79EFBC}") = "devRank.Infra", "src\devRank.Infra\devRank.Infra.csproj", "{8FADE9FD-C6CE-4E6A-A4F1-8F040DD68280}"
EndProject
Global
	GlobalSection(SolutionConfigurationPlatforms) = preSolution
		Debug|Any CPU = Debug|Any CPU
		Release|Any CPU = Release|Any CPU
	EndGlobalSection
	GlobalSection(ProjectConfigurationPlatforms) = postSolution
		{F86B6F15-A83C-41CB-AFF4-445978FB026D}.Debug|Any CPU.ActiveCfg = Debug|Any CPU
		{F86B6F15-A83C-41CB-AFF4-445978FB026D}.Debug|Any CPU.Build.0 = Debug|Any CPU
		{F86B6F15-A83C-41CB-AFF4-445978FB026D}.Release|Any CPU.ActiveCfg = Release|Any CPU
		{F86B6F15-A83C-41CB-AFF4-445978FB026D}.Release|Any CPU.Build.0 = Release|Any CPU
		{F091B100-C368-4786-877E-4AD4881B2BF1}.Debug|Any CPU.ActiveCfg = Debug|Any CPU
		{F091B100-C368-4786-877E-4AD4881B2BF1}.Debug|Any CPU.Build.0 = Debug|Any CPU
		{F091B100-C368-4786-877E-4AD4881B2BF1}.Release|Any CPU.ActiveCfg = Release|Any CPU
		{F091B100-C368-4786-877E-4AD4881B2BF1}.Release|Any CPU.Build.0 = Release|Any CPU
		{E36E72C7-AE90-4FC2-8D57-BCFD6CDC1145}.Debug|Any CPU.ActiveCfg = Debug|Any CPU
		{E36E72C7-AE90-4FC2-8D57-BCFD6CDC1145}.Debug|Any CPU.Build.0 = Debug|Any CPU
		{E36E72C7-AE90-4FC2-8D57-BCFD6CDC1145}.Release|Any CPU.ActiveCfg = Release|Any CPU
		{E36E72C7-AE90-4FC2-8D57-BCFD6CDC1145}.Release|Any CPU.Build.0 = Release|Any CPU
		{B57C4F34-09EE-4DBA-95C4-E3F4FBE26595}.Debug|Any CPU.ActiveCfg = Debug|Any CPU
		{B57C4F34-09EE-4DBA-95C4-E3F4FBE26595}.Debug|Any CPU.Build.0 = Debug|Any CPU
		{B57C4F34-09EE-4DBA-95C4-E3F4FBE26595}.Release|Any CPU.ActiveCfg = Release|Any CPU
		{B57C4F34-09EE-4DBA-95C4-E3F4FBE26595}.Release|Any CPU.Build.0 = Release|Any CPU
		{8FADE9FD-C6CE-4E6A-A4F1-8F040DD68280}.Debug|Any CPU.ActiveCfg = Debug|Any CPU
		{8FADE9FD-C6CE-4E6A-A4F1-8F040DD68280}.Debug|Any CPU.Build.0 = Debug|Any CPU
		{8FADE9FD-C6CE-4E6A-A4F1-8F040DD68280}.Release|Any CPU.ActiveCfg = Release|Any CPU
		{8FADE9FD-C6CE-4E6A-A4F1-8F040DD68280}.Release|Any CPU.Build.0 = Release|Any CPU
	EndGlobalSection
EndGlobal
